
Microsoft Visual Studio Solution File, Format Version 12.00
# Visual Studio Version 17
VisualStudioVersion = 17.12.35521.163
MinimumVisualStudioVersion = 10.0.40219.1
Project("{FAE04EC0-301F-11D3-BF4B-00C04F79EFBC}") = "01", "01\01.csproj", "{550763BE-D4E8-4D79-A574-684AA4AA0B5C}"
EndProject
Project("{FAE04EC0-301F-11D3-BF4B-00C04F79EFBC}") = "02", "02\02.csproj", "{82EEEAC9-FDC9-44D2-9C72-EAD1FFCF5E6F}"
EndProject
Project("{FAE04EC0-301F-11D3-BF4B-00C04F79EFBC}") = "03", "03\03.csproj", "{F6A52A35-AFD0-4C16-89CC-B9956C5169C3}"
EndProject
Project("{FAE04EC0-301F-11D3-BF4B-00C04F79EFBC}") = "04", "04\04.csproj", "{B2AD0337-F788-41D5-8C28-85F20172BFA9}"
EndProject
Project("{FAE04EC0-301F-11D3-BF4B-00C04F79EFBC}") = "05", "05\05.csproj", "{C8CCF79F-9C91-493B-9B8E-CA8D0535E753}"
EndProject
Project("{FAE04EC0-301F-11D3-BF4B-00C04F79EFBC}") = "06", "06\06.csproj", "{73E08C32-CA58-4D27-9BA5-9A7CB4E1512E}"
EndProject
Project("{FAE04EC0-301F-11D3-BF4B-00C04F79EFBC}") = "07", "07\07.csproj", "{42FEFA79-B9C0-47E5-8817-2C9C982890BE}"
EndProject
Project("{FAE04EC0-301F-11D3-BF4B-00C04F79EFBC}") = "08", "08\08.csproj", "{8673651D-CE22-4BBA-BA20-385E313C8E8F}"
EndProject
Project("{FAE04EC0-301F-11D3-BF4B-00C04F79EFBC}") = "09", "09\09.csproj", "{711D1F63-B93A-40A7-A758-8DA14E1C20E7}"
EndProject
Global
	GlobalSection(SolutionConfigurationPlatforms) = preSolution
		Debug|Any CPU = Debug|Any CPU
		Release|Any CPU = Release|Any CPU
	EndGlobalSection
	GlobalSection(ProjectConfigurationPlatforms) = postSolution
		{550763BE-D4E8-4D79-A574-684AA4AA0B5C}.Debug|Any CPU.ActiveCfg = Debug|Any CPU
		{550763BE-D4E8-4D79-A574-684AA4AA0B5C}.Debug|Any CPU.Build.0 = Debug|Any CPU
		{550763BE-D4E8-4D79-A574-684AA4AA0B5C}.Release|Any CPU.ActiveCfg = Release|Any CPU
		{550763BE-D4E8-4D79-A574-684AA4AA0B5C}.Release|Any CPU.Build.0 = Release|Any CPU
		{82EEEAC9-FDC9-44D2-9C72-EAD1FFCF5E6F}.Debug|Any CPU.ActiveCfg = Debug|Any CPU
		{82EEEAC9-FDC9-44D2-9C72-EAD1FFCF5E6F}.Debug|Any CPU.Build.0 = Debug|Any CPU
		{82EEEAC9-FDC9-44D2-9C72-EAD1FFCF5E6F}.Release|Any CPU.ActiveCfg = Release|Any CPU
		{82EEEAC9-FDC9-44D2-9C72-EAD1FFCF5E6F}.Release|Any CPU.Build.0 = Release|Any CPU
		{F6A52A35-AFD0-4C16-89CC-B9956C5169C3}.Debug|Any CPU.ActiveCfg = Debug|Any CPU
		{F6A52A35-AFD0-4C16-89CC-B9956C5169C3}.Debug|Any CPU.Build.0 = Debug|Any CPU
		{F6A52A35-AFD0-4C16-89CC-B9956C5169C3}.Release|Any CPU.ActiveCfg = Release|Any CPU
		{F6A52A35-AFD0-4C16-89CC-B9956C5169C3}.Release|Any CPU.Build.0 = Release|Any CPU
		{B2AD0337-F788-41D5-8C28-85F20172BFA9}.Debug|Any CPU.ActiveCfg = Debug|Any CPU
		{B2AD0337-F788-41D5-8C28-85F20172BFA9}.Debug|Any CPU.Build.0 = Debug|Any CPU
		{B2AD0337-F788-41D5-8C28-85F20172BFA9}.Release|Any CPU.ActiveCfg = Release|Any CPU
		{B2AD0337-F788-41D5-8C28-85F20172BFA9}.Release|Any CPU.Build.0 = Release|Any CPU
		{C8CCF79F-9C91-493B-9B8E-CA8D0535E753}.Debug|Any CPU.ActiveCfg = Debug|Any CPU
		{C8CCF79F-9C91-493B-9B8E-CA8D0535E753}.Debug|Any CPU.Build.0 = Debug|Any CPU
		{C8CCF79F-9C91-493B-9B8E-CA8D0535E753}.Release|Any CPU.ActiveCfg = Release|Any CPU
		{C8CCF79F-9C91-493B-9B8E-CA8D0535E753}.Release|Any CPU.Build.0 = Release|Any CPU
		{73E08C32-CA58-4D27-9BA5-9A7CB4E1512E}.Debug|Any CPU.ActiveCfg = Debug|Any CPU
		{73E08C32-CA58-4D27-9BA5-9A7CB4E1512E}.Debug|Any CPU.Build.0 = Debug|Any CPU
		{73E08C32-CA58-4D27-9BA5-9A7CB4E1512E}.Release|Any CPU.ActiveCfg = Release|Any CPU
		{73E08C32-CA58-4D27-9BA5-9A7CB4E1512E}.Release|Any CPU.Build.0 = Release|Any CPU
		{42FEFA79-B9C0-47E5-8817-2C9C982890BE}.Debug|Any CPU.ActiveCfg = Debug|Any CPU
		{42FEFA79-B9C0-47E5-8817-2C9C982890BE}.Debug|Any CPU.Build.0 = Debug|Any CPU
		{42FEFA79-B9C0-47E5-8817-2C9C982890BE}.Release|Any CPU.ActiveCfg = Release|Any CPU
		{42FEFA79-B9C0-47E5-8817-2C9C982890BE}.Release|Any CPU.Build.0 = Release|Any CPU
		{8673651D-CE22-4BBA-BA20-385E313C8E8F}.Debug|Any CPU.ActiveCfg = Debug|Any CPU
		{8673651D-CE22-4BBA-BA20-385E313C8E8F}.Debug|Any CPU.Build.0 = Debug|Any CPU
		{8673651D-CE22-4BBA-BA20-385E313C8E8F}.Release|Any CPU.ActiveCfg = Release|Any CPU
		{8673651D-CE22-4BBA-BA20-385E313C8E8F}.Release|Any CPU.Build.0 = Release|Any CPU
		{711D1F63-B93A-40A7-A758-8DA14E1C20E7}.Debug|Any CPU.ActiveCfg = Debug|Any CPU
		{711D1F63-B93A-40A7-A758-8DA14E1C20E7}.Debug|Any CPU.Build.0 = Debug|Any CPU
		{711D1F63-B93A-40A7-A758-8DA14E1C20E7}.Release|Any CPU.ActiveCfg = Release|Any CPU
		{711D1F63-B93A-40A7-A758-8DA14E1C20E7}.Release|Any CPU.Build.0 = Release|Any CPU
	EndGlobalSection
	GlobalSection(SolutionProperties) = preSolution
		HideSolutionNode = FALSE
	EndGlobalSection
	GlobalSection(ExtensibilityGlobals) = postSolution
		SolutionGuid = {7E96C3EE-E281-43C5-9387-1553B335F62C}
	EndGlobalSection
EndGlobal
